
Microsoft Visual Studio Solution File, Format Version 12.00
# Visual Studio 15
VisualStudioVersion = 15.0.26124.0
MinimumVisualStudioVersion = 15.0.26124.0
Project("{FAE04EC0-301F-11D3-BF4B-00C04F79EFBC}") = "ImageOpenCV", "src\ImageOpenCV.csproj", "{79CC0862-05F5-48D2-BA0B-DD5106CE6CF2}"
EndProject
Global
	GlobalSection(SolutionConfigurationPlatforms) = preSolution
		Debug|x64 = Debug|x64
		Release|x64 = Release|x64
	EndGlobalSection
	GlobalSection(SolutionProperties) = preSolution
		HideSolutionNode = FALSE
	EndGlobalSection
	GlobalSection(ProjectConfigurationPlatforms) = postSolution
		{79CC0862-05F5-48D2-BA0B-DD5106CE6CF2}.Debug|x64.ActiveCfg = Debug|Any CPU
		{79CC0862-05F5-48D2-BA0B-DD5106CE6CF2}.Debug|x64.Build.0 = Debug|Any CPU
		{79CC0862-05F5-48D2-BA0B-DD5106CE6CF2}.Release|x64.ActiveCfg = Release|Any CPU
		{79CC0862-05F5-48D2-BA0B-DD5106CE6CF2}.Release|x64.Build.0 = Release|Any CPU
	EndGlobalSection
EndGlobal
